
Microsoft Visual Studio Solution File, Format Version 12.00
# Visual Studio Version 17
VisualStudioVersion = 17.8.34322.80
MinimumVisualStudioVersion = 10.0.40219.1
Project("{9A19103F-16F7-4668-BE54-9A1E7A4F7556}") = "Engine", "Engine\Engine.csproj", "{14773FBE-646E-42BE-9E3A-B4AD2520C928}"
EndProject
Project("{FAE04EC0-301F-11D3-BF4B-00C04F79EFBC}") = "EngineImpl", "EngineImpl\EngineImpl.csproj", "{C05CB0F0-2FE8-4D38-9954-41693804C3CC}"
EndProject
Global
	GlobalSection(SolutionConfigurationPlatforms) = preSolution
		Debug|Any CPU = Debug|Any CPU
		Release|Any CPU = Release|Any CPU
	EndGlobalSection
	GlobalSection(ProjectConfigurationPlatforms) = postSolution
		{14773FBE-646E-42BE-9E3A-B4AD2520C928}.Debug|Any CPU.ActiveCfg = Debug|Any CPU
		{14773FBE-646E-42BE-9E3A-B4AD2520C928}.Debug|Any CPU.Build.0 = Debug|Any CPU
		{14773FBE-646E-42BE-9E3A-B4AD2520C928}.Release|Any CPU.ActiveCfg = Release|Any CPU
		{14773FBE-646E-42BE-9E3A-B4AD2520C928}.Release|Any CPU.Build.0 = Release|Any CPU
		{C05CB0F0-2FE8-4D38-9954-41693804C3CC}.Debug|Any CPU.ActiveCfg = Debug|Any CPU
		{C05CB0F0-2FE8-4D38-9954-41693804C3CC}.Debug|Any CPU.Build.0 = Debug|Any CPU
		{C05CB0F0-2FE8-4D38-9954-41693804C3CC}.Release|Any CPU.ActiveCfg = Release|Any CPU
		{C05CB0F0-2FE8-4D38-9954-41693804C3CC}.Release|Any CPU.Build.0 = Release|Any CPU
	EndGlobalSection
	GlobalSection(SolutionProperties) = preSolution
		HideSolutionNode = FALSE
	EndGlobalSection
	GlobalSection(ExtensibilityGlobals) = postSolution
		SolutionGuid = {32FFF4FF-346C-42BA-8A0A-86AEE5C2DD1D}
	EndGlobalSection
EndGlobal
